// !$*UTF8*$!
{
	archiveVersion = 1;
	classes = {
	};
	objectVersion = 46;
	objects = {

/* Begin PBXBuildFile section */
		FB8518111F1C7FF200B22C1F /* AppDelegate.swift in Sources */ = {isa = PBXBuildFile; fileRef = FB8518101F1C7FF200B22C1F /* AppDelegate.swift */; };
		FB8518131F1C7FF200B22C1F /* ViewController.swift in Sources */ = {isa = PBXBuildFile; fileRef = FB8518121F1C7FF200B22C1F /* ViewController.swift */; };
		FB8518161F1C7FF200B22C1F /* Main.storyboard in Resources */ = {isa = PBXBuildFile; fileRef = FB8518141F1C7FF200B22C1F /* Main.storyboard */; };
		FB8518181F1C7FF200B22C1F /* Assets.xcassets in Resources */ = {isa = PBXBuildFile; fileRef = FB8518171F1C7FF200B22C1F /* Assets.xcassets */; };
		FB85181B1F1C7FF200B22C1F /* LaunchScreen.storyboard in Resources */ = {isa = PBXBuildFile; fileRef = FB8518191F1C7FF200B22C1F /* LaunchScreen.storyboard */; };
/* End PBXBuildFile section */

/* Begin PBXFileReference section */
		FB85180D1F1C7FF200B22C1F /* ButtonsTableViewCellQuestion.app */ = {isa = PBXFileReference; explicitFileType = wrapper.application; includeInIndex = 0; path = ButtonsTableViewCellQuestion.app; sourceTree = BUILT_PRODUCTS_DIR; };
		FB8518101F1C7FF200B22C1F /* AppDelegate.swift */ = {isa = PBXFileReference; lastKnownFileType = sourcecode.swift; path = AppDelegate.swift; sourceTree = "<group>"; };
		FB8518121F1C7FF200B22C1F /* ViewController.swift */ = {isa = PBXFileReference; lastKnownFileType = sourcecode.swift; path = ViewController.swift; sourceTree = "<group>"; };
		FB8518151F1C7FF200B22C1F /* Base */ = {isa = PBXFileReference; lastKnownFileType = file.storyboard; name = Base; path = Base.lproj/Main.storyboard; sourceTree = "<group>"; };
		FB8518171F1C7FF200B22C1F /* Assets.xcassets */ = {isa = PBXFileReference; lastKnownFileType = folder.assetcatalog; path = Assets.xcassets; sourceTree = "<group>"; };
		FB85181A1F1C7FF200B22C1F /* Base */ = {isa = PBXFileReference; lastKnownFileType = file.storyboard; name = Base; path = Base.lproj/LaunchScreen.storyboard; sourceTree = "<group>"; };
		FB85181C1F1C7FF200B22C1F /* Info.plist */ = {isa = PBXFileReference; lastKnownFileType = text.plist.xml; path = Info.plist; sourceTree = "<group>"; };
/* End PBXFileReference section */

/* Begin PBXFrameworksBuildPhase section */
		FB85180A1F1C7FF200B22C1F /* Frameworks */ = {
			isa = PBXFrameworksBuildPhase;
			buildActionMask = 2147483647;
			files = (
			);
			runOnlyForDeploymentPostprocessing = 0;
		};
/* End PBXFrameworksBuildPhase section */

/* Begin PBXGroup section */
		FB8518041F1C7FF100B22C1F = {
			isa = PBXGroup;
			children = (
				FB85180F1F1C7FF200B22C1F /* ButtonsTableViewCellQuestion */,
				FB85180E1F1C7FF200B22C1F /* Products */,
			);
			sourceTree = "<group>";
		};
		FB85180E1F1C7FF200B22C1F /* Products */ = {
			isa = PBXGroup;
			children = (
				FB85180D1F1C7FF200B22C1F /* ButtonsTableViewCellQuestion.app */,
			);
			name = Products;
			sourceTree = "<group>";
		};
		FB85180F1F1C7FF200B22C1F /* ButtonsTableViewCellQuestion */ = {
			isa = PBXGroup;
			children = (
				FB8518101F1C7FF200B22C1F /* AppDelegate.swift */,
				FB8518121F1C7FF200B22C1F /* ViewController.swift */,
				FB8518141F1C7FF200B22C1F /* Main.storyboard */,
				FB8518171F1C7FF200B22C1F /* Assets.xcassets */,
				FB8518191F1C7FF200B22C1F /* LaunchScreen.storyboard */,
				FB85181C1F1C7FF200B22C1F /* Info.plist */,
			);
			path = ButtonsTableViewCellQuestion;
			sourceTree = "<group>";
		};
/* End PBXGroup section */

/* Begin PBXNativeTarget section */
		FB85180C1F1C7FF200B22C1F /* ButtonsTableViewCellQuestion */ = {
			isa = PBXNativeTarget;
			buildConfigurationList = FB85181F1F1C7FF200B22C1F /* Build configuration list for PBXNativeTarget "ButtonsTableViewCellQuestion" */;
			buildPhases = (
				FB8518091F1C7FF200B22C1F /* Sources */,
				FB85180A1F1C7FF200B22C1F /* Frameworks */,
				FB85180B1F1C7FF200B22C1F /* Resources */,
			);
			buildRules = (
			);
			dependencies = (
			);
			name = ButtonsTableViewCellQuestion;
			productName = ButtonsTableViewCellQuestion;
			productReference = FB85180D1F1C7FF200B22C1F /* ButtonsTableViewCellQuestion.app */;
			productType = "com.apple.product-type.application";
		};
/* End PBXNativeTarget section */

/* Begin PBXProject section */
		FB8518051F1C7FF200B22C1F /* Project object */ = {
			isa = PBXProject;
			attributes = {
				LastSwiftUpdateCheck = 0830;
				LastUpgradeCheck = 0830;
				ORGANIZATIONNAME = Pruebas;
				TargetAttributes = {
					FB85180C1F1C7FF200B22C1F = {
						CreatedOnToolsVersion = 8.3.2;
						DevelopmentTeam = XSDZKCRSXQ;
						ProvisioningStyle = Automatic;
					};
				};
			};
			buildConfigurationList = FB8518081F1C7FF200B22C1F /* Build configuration list for PBXProject "ButtonsTableViewCellQuestion" */;
			compatibilityVersion = "Xcode 3.2";
			developmentRegion = English;
			hasScannedForEncodings = 0;
			knownRegions = (
				en,
				Base,
			);
			mainGroup = FB8518041F1C7FF100B22C1F;
			productRefGroup = FB85180E1F1C7FF200B22C1F /* Products */;
			projectDirPath = "";
			projectRoot = "";
			targets = (
				FB85180C1F1C7FF200B22C1F /* ButtonsTableViewCellQuestion */,
			);
		};
/* End PBXProject section */

/* Begin PBXResourcesBuildPhase section */
		FB85180B1F1C7FF200B22C1F /* Resources */ = {
			isa = PBXResourcesBuildPhase;
			buildActionMask = 2147483647;
			files = (
				FB85181B1F1C7FF200B22C1F /* LaunchScreen.storyboard in Resources */,
				FB8518181F1C7FF200B22C1F /* Assets.xcassets in Resources */,
				FB8518161F1C7FF200B22C1F /* Main.storyboard in Resources */,
			);
			runOnlyForDeploymentPostprocessing = 0;
		};
/* End PBXResourcesBuildPhase section */

/* Begin PBXSourcesBuildPhase section */
		FB8518091F1C7FF200B22C1F /* Sources */ = {
			isa = PBXSourcesBuildPhase;
			buildActionMask = 2147483647;
			files = (
				FB8518131F1C7FF200B22C1F /* ViewController.swift in Sources */,
				FB8518111F1C7FF200B22C1F /* AppDelegate.swift in Sources */,
			);
			runOnlyForDeploymentPostprocessing = 0;
		};
/* End PBXSourcesBuildPhase section */

/* Begin PBXVariantGroup section */
		FB8518141F1C7FF200B22C1F /* Main.storyboard */ = {
			isa = PBXVariantGroup;
			children = (
				FB8518151F1C7FF200B22C1F /* Base */,
			);
			name = Main.storyboard;
			sourceTree = "<group>";
		};
		FB8518191F1C7FF200B22C1F /* LaunchScreen.storyboard */ = {
			isa = PBXVariantGroup;
			children = (
				FB85181A1F1C7FF200B22C1F /* Base */,
			);
			name = LaunchScreen.storyboard;
			sourceTree = "<group>";
		};
/* End PBXVariantGroup section */

/* Begin XCBuildConfiguration section */
		FB85181D1F1C7FF200B22C1F /* Debug */ = {
			isa = XCBuildConfiguration;
			buildSettings = {
				ALWAYS_SEARCH_USER_PATHS = NO;
				CLANG_ANALYZER_NONNULL = YES;
				CLANG_ANALYZER_NUMBER_OBJECT_CONVERSION = YES_AGGRESSIVE;
				CLANG_CXX_LANGUAGE_STANDARD = "gnu++0x";
				CLANG_CXX_LIBRARY = "libc++";
				CLANG_ENABLE_MODULES = YES;
				CLANG_ENABLE_OBJC_ARC = YES;
				CLANG_WARN_BOOL_CONVERSION = YES;
				CLANG_WARN_CONSTANT_CONVERSION = YES;
				CLANG_WARN_DIRECT_OBJC_ISA_USAGE = YES_ERROR;
				CLANG_WARN_DOCUMENTATION_COMMENTS = YES;
				CLANG_WARN_EMPTY_BODY = YES;
				CLANG_WARN_ENUM_CONVERSION = YES;
				CLANG_WARN_INFINITE_RECURSION = YES;
				CLANG_WARN_INT_CONVERSION = YES;
				CLANG_WARN_OBJC_ROOT_CLASS = YES_ERROR;
				CLANG_WARN_SUSPICIOUS_MOVE = YES;
				CLANG_WARN_UNREACHABLE_CODE = YES;
				CLANG_WARN__DUPLICATE_METHOD_MATCH = YES;
				"CODE_SIGN_IDENTITY[sdk=iphoneos*]" = "iPhone Developer";
				COPY_PHASE_STRIP = NO;
				DEBUG_INFORMATION_FORMAT = dwarf;
				ENABLE_STRICT_OBJC_MSGSEND = YES;
				ENABLE_TESTABILITY = YES;
				GCC_C_LANGUAGE_STANDARD = gnu99;
				GCC_DYNAMIC_NO_PIC = NO;
				GCC_NO_COMMON_BLOCKS = YES;
				GCC_OPTIMIZATION_LEVEL = 0;
				GCC_PREPROCESSOR_DEFINITIONS = (
					"DEBUG=1",
					"$(inherited)",
				);
				GCC_WARN_64_TO_32_BIT_CONVERSION = YES;
				GCC_WARN_ABOUT_RETURN_TYPE = YES_ERROR;
				GCC_WARN_UNDECLARED_SELECTOR = YES;
				GCC_WARN_UNINITIALIZED_AUTOS = YES_AGGRESSIVE;
				GCC_WARN_UNUSED_FUNCTION = YES;
				GCC_WARN_UNUSED_VARIABLE = YES;
				IPHONEOS_DEPLOYMENT_TARGET = 10.3;
				MTL_ENABLE_DEBUG_INFO = YES;
				ONLY_ACTIVE_ARCH = YES;
				SDKROOT = iphoneos;
				SWIFT_ACTIVE_COMPILATION_CONDITIONS = DEBUG;
				SWIFT_OPTIMIZATION_LEVEL = "-Onone";
			};
			name = Debug;
		};
		FB85181E1F1C7FF200B22C1F /* Release */ = {
			isa = XCBuildConfiguration;
			buildSettings = {
				ALWAYS_SEARCH_USER_PATHS = NO;
				CLANG_ANALYZER_NONNULL = YES;
				CLANG_ANALYZER_NUMBER_OBJECT_CONVERSION = YES_AGGRESSIVE;
				CLANG_CXX_LANGUAGE_STANDARD = "gnu++0x";
				CLANG_CXX_LIBRARY = "libc++";
				CLANG_ENABLE_MODULES = YES;
				CLANG_ENABLE_OBJC_ARC = YES;
				CLANG_WARN_BOOL_CONVERSION = YES;
				CLANG_WARN_CONSTANT_CONVERSION = YES;
				CLANG_WARN_DIRECT_OBJC_ISA_USAGE = YES_ERROR;
				CLANG_WARN_DOCUMENTATION_COMMENTS = YES;
				CLANG_WARN_EMPTY_BODY = YES;
				CLANG_WARN_ENUM_CONVERSION = YES;
				CLANG_WARN_INFINITE_RECURSION = YES;
				CLANG_WARN_INT_CONVERSION = YES;
				CLANG_WARN_OBJC_ROOT_CLASS = YES_ERROR;
				CLANG_WARN_SUSPICIOUS_MOVE = YES;
				CLANG_WARN_UNREACHABLE_CODE = YES;
				CLANG_WARN__DUPLICATE_METHOD_MATCH = YES;
				"CODE_SIGN_IDENTITY[sdk=iphoneos*]" = "iPhone Developer";
				COPY_PHASE_STRIP = NO;
				DEBUG_INFORMATION_FORMAT = "dwarf-with-dsym";
				ENABLE_NS_ASSERTIONS = NO;
				ENABLE_STRICT_OBJC_MSGSEND = YES;
				GCC_C_LANGUAGE_STANDARD = gnu99;
				GCC_NO_COMMON_BLOCKS = YES;
				GCC_WARN_64_TO_32_BIT_CONVERSION = YES;
				GCC_WARN_ABOUT_RETURN_TYPE = YES_ERROR;
				GCC_WARN_UNDECLARED_SELECTOR = YES;
				GCC_WARN_UNINITIALIZED_AUTOS = YES_AGGRESSIVE;
				GCC_WARN_UNUSED_FUNCTION = YES;
				GCC_WARN_UNUSED_VARIABLE = YES;
				IPHONEOS_DEPLOYMENT_TARGET = 10.3;
				MTL_ENABLE_DEBUG_INFO = NO;
				SDKROOT = iphoneos;
				SWIFT_OPTIMIZATION_LEVEL = "-Owholemodule";
				VALIDATE_PRODUCT = YES;
			};
			name = Release;
		};
		FB8518201F1C7FF200B22C1F /* Debug */ = {
			isa = XCBuildConfiguration;
			buildSettings = {
				ASSETCATALOG_COMPILER_APPICON_NAME = AppIcon;
				DEVELOPMENT_TEAM = XSDZKCRSXQ;
				INFOPLIST_FILE = ButtonsTableViewCellQuestion/Info.plist;
				LD_RUNPATH_SEARCH_PATHS = "$(inherited) @executable_path/Frameworks";
				PRODUCT_BUNDLE_IDENTIFIER = com.pruebas.ButtonsTableViewCellQuestion;
				PRODUCT_NAME = "$(TARGET_NAME)";
				SWIFT_VERSION = 3.0;
			};
			name = Debug;
		};
		FB8518211F1C7FF200B22C1F /* Release */ = {
			isa = XCBuildConfiguration;
			buildSettings = {
				ASSETCATALOG_COMPILER_APPICON_NAME = AppIcon;
				DEVELOPMENT_TEAM = XSDZKCRSXQ;
				INFOPLIST_FILE = ButtonsTableViewCellQuestion/Info.plist;
				LD_RUNPATH_SEARCH_PATHS = "$(inherited) @executable_path/Frameworks";
				PRODUCT_BUNDLE_IDENTIFIER = com.pruebas.ButtonsTableViewCellQuestion;
				PRODUCT_NAME = "$(TARGET_NAME)";
				SWIFT_VERSION = 3.0;
			};
			name = Release;
		};
/* End XCBuildConfiguration section */

/* Begin XCConfigurationList section */
		FB8518081F1C7FF200B22C1F /* Build configuration list for PBXProject "ButtonsTableViewCellQuestion" */ = {
			isa = XCConfigurationList;
			buildConfigurations = (
				FB85181D1F1C7FF200B22C1F /* Debug */,
				FB85181E1F1C7FF200B22C1F /* Release */,
			);
			defaultConfigurationIsVisible = 0;
			defaultConfigurationName = Release;
		};
		FB85181F1F1C7FF200B22C1F /* Build configuration list for PBXNativeTarget "ButtonsTableViewCellQuestion" */ = {
			isa = XCConfigurationList;
			buildConfigurations = (
				FB8518201F1C7FF200B22C1F /* Debug */,
				FB8518211F1C7FF200B22C1F /* Release */,
			);
			defaultConfigurationIsVisible = 0;
		};
/* End XCConfigurationList section */
	};
	rootObject = FB8518051F1C7FF200B22C1F /* Project object */;
}
